
Microsoft Visual Studio Solution File, Format Version 12.00
# Visual Studio Version 16
VisualStudioVersion = 16.0.31729.503
MinimumVisualStudioVersion = 10.0.40219.1
Project("{FAE04EC0-301F-11D3-BF4B-00C04F79EFBC}") = "WebApiapplication", "WebApiapplication\WebApiapplication.csproj", "{710180C0-F5B0-488A-AA23-B4604C06C5FB}"
EndProject
Global
	GlobalSection(SolutionConfigurationPlatforms) = preSolution
		Debug|Any CPU = Debug|Any CPU
		Release|Any CPU = Release|Any CPU
	EndGlobalSection
	GlobalSection(ProjectConfigurationPlatforms) = postSolution
		{710180C0-F5B0-488A-AA23-B4604C06C5FB}.Debug|Any CPU.ActiveCfg = Debug|Any CPU
		{710180C0-F5B0-488A-AA23-B4604C06C5FB}.Debug|Any CPU.Build.0 = Debug|Any CPU
		{710180C0-F5B0-488A-AA23-B4604C06C5FB}.Release|Any CPU.ActiveCfg = Release|Any CPU
		{710180C0-F5B0-488A-AA23-B4604C06C5FB}.Release|Any CPU.Build.0 = Release|Any CPU
	EndGlobalSection
	GlobalSection(SolutionProperties) = preSolution
		HideSolutionNode = FALSE
	EndGlobalSection
	GlobalSection(ExtensibilityGlobals) = postSolution
		SolutionGuid = {614C03CE-4540-4EDB-B41D-F6E88D5945B8}
	EndGlobalSection
EndGlobal
